// !$*UTF8*$!
{
	archiveVersion = 1;
	classes = {
	};
	objectVersion = 50;
	objects = {

/* Begin PBXBuildFile section */
		5510885C23C5FD70009DDEA4 /* acropolice.jpg in Resources */ = {isa = PBXBuildFile; fileRef = 5510885B23C5FD70009DDEA4 /* acropolice.jpg */; };
		554B7D2E23B46FD00011CECE /* AppDelegate.swift in Sources */ = {isa = PBXBuildFile; fileRef = 554B7D2D23B46FD00011CECE /* AppDelegate.swift */; };
		554B7D3023B46FD00011CECE /* SceneDelegate.swift in Sources */ = {isa = PBXBuildFile; fileRef = 554B7D2F23B46FD00011CECE /* SceneDelegate.swift */; };
		554B7D3223B46FD00011CECE /* ViewController.swift in Sources */ = {isa = PBXBuildFile; fileRef = 554B7D3123B46FD00011CECE /* ViewController.swift */; };
		554B7D3523B46FD00011CECE /* Main.storyboard in Resources */ = {isa = PBXBuildFile; fileRef = 554B7D3323B46FD00011CECE /* Main.storyboard */; };
		554B7D3723B46FD10011CECE /* Assets.xcassets in Resources */ = {isa = PBXBuildFile; fileRef = 554B7D3623B46FD10011CECE /* Assets.xcassets */; };
		554B7D3A23B46FD10011CECE /* LaunchScreen.storyboard in Resources */ = {isa = PBXBuildFile; fileRef = 554B7D3823B46FD10011CECE /* LaunchScreen.storyboard */; };
		554B7D4223B471530011CECE /* EnlargeViewController.swift in Sources */ = {isa = PBXBuildFile; fileRef = 554B7D4123B471530011CECE /* EnlargeViewController.swift */; };
		55FFBAC723C60CA6005C4091 /* partenon.jpg in Resources */ = {isa = PBXBuildFile; fileRef = 55FFBAC623C60CA6005C4091 /* partenon.jpg */; };
		55FFBAC923C60CAD005C4091 /* erecthelion.jpg in Resources */ = {isa = PBXBuildFile; fileRef = 55FFBAC823C60CAD005C4091 /* erecthelion.jpg */; };
/* End PBXBuildFile section */

/* Begin PBXFileReference section */
		5510885B23C5FD70009DDEA4 /* acropolice.jpg */ = {isa = PBXFileReference; lastKnownFileType = image.jpeg; path = acropolice.jpg; sourceTree = "<group>"; };
		554B7D2A23B46FD00011CECE /* SlideshowApp.app */ = {isa = PBXFileReference; explicitFileType = wrapper.application; includeInIndex = 0; path = SlideshowApp.app; sourceTree = BUILT_PRODUCTS_DIR; };
		554B7D2D23B46FD00011CECE /* AppDelegate.swift */ = {isa = PBXFileReference; lastKnownFileType = sourcecode.swift; path = AppDelegate.swift; sourceTree = "<group>"; };
		554B7D2F23B46FD00011CECE /* SceneDelegate.swift */ = {isa = PBXFileReference; lastKnownFileType = sourcecode.swift; path = SceneDelegate.swift; sourceTree = "<group>"; };
		554B7D3123B46FD00011CECE /* ViewController.swift */ = {isa = PBXFileReference; lastKnownFileType = sourcecode.swift; path = ViewController.swift; sourceTree = "<group>"; };
		554B7D3423B46FD00011CECE /* Base */ = {isa = PBXFileReference; lastKnownFileType = file.storyboard; name = Base; path = Base.lproj/Main.storyboard; sourceTree = "<group>"; };
		554B7D3623B46FD10011CECE /* Assets.xcassets */ = {isa = PBXFileReference; lastKnownFileType = folder.assetcatalog; path = Assets.xcassets; sourceTree = "<group>"; };
		554B7D3923B46FD10011CECE /* Base */ = {isa = PBXFileReference; lastKnownFileType = file.storyboard; name = Base; path = Base.lproj/LaunchScreen.storyboard; sourceTree = "<group>"; };
		554B7D3B23B46FD10011CECE /* Info.plist */ = {isa = PBXFileReference; lastKnownFileType = text.plist.xml; path = Info.plist; sourceTree = "<group>"; };
		554B7D4123B471530011CECE /* EnlargeViewController.swift */ = {isa = PBXFileReference; lastKnownFileType = sourcecode.swift; path = EnlargeViewController.swift; sourceTree = "<group>"; };
		55FFBAC623C60CA6005C4091 /* partenon.jpg */ = {isa = PBXFileReference; lastKnownFileType = image.jpeg; path = partenon.jpg; sourceTree = "<group>"; };
		55FFBAC823C60CAD005C4091 /* erecthelion.jpg */ = {isa = PBXFileReference; lastKnownFileType = image.jpeg; path = erecthelion.jpg; sourceTree = "<group>"; };
/* End PBXFileReference section */

/* Begin PBXFrameworksBuildPhase section */
		554B7D2723B46FD00011CECE /* Frameworks */ = {
			isa = PBXFrameworksBuildPhase;
			buildActionMask = 2147483647;
			files = (
			);
			runOnlyForDeploymentPostprocessing = 0;
		};
/* End PBXFrameworksBuildPhase section */

/* Begin PBXGroup section */
		554B7D2123B46FD00011CECE = {
			isa = PBXGroup;
			children = (
				554B7D2C23B46FD00011CECE /* SlideshowApp */,
				554B7D2B23B46FD00011CECE /* Products */,
			);
			sourceTree = "<group>";
		};
		554B7D2B23B46FD00011CECE /* Products */ = {
			isa = PBXGroup;
			children = (
				554B7D2A23B46FD00011CECE /* SlideshowApp.app */,
			);
			name = Products;
			sourceTree = "<group>";
		};
		554B7D2C23B46FD00011CECE /* SlideshowApp */ = {
			isa = PBXGroup;
			children = (
				554B7D2D23B46FD00011CECE /* AppDelegate.swift */,
				554B7D2F23B46FD00011CECE /* SceneDelegate.swift */,
				554B7D3123B46FD00011CECE /* ViewController.swift */,
				554B7D4123B471530011CECE /* EnlargeViewController.swift */,
				554B7D3323B46FD00011CECE /* Main.storyboard */,
				55FFBAC623C60CA6005C4091 /* partenon.jpg */,
				55FFBAC823C60CAD005C4091 /* erecthelion.jpg */,
				5510885B23C5FD70009DDEA4 /* acropolice.jpg */,
				554B7D3623B46FD10011CECE /* Assets.xcassets */,
				554B7D3823B46FD10011CECE /* LaunchScreen.storyboard */,
				554B7D3B23B46FD10011CECE /* Info.plist */,
			);
			path = SlideshowApp;
			sourceTree = "<group>";
		};
/* End PBXGroup section */

/* Begin PBXNativeTarget section */
		554B7D2923B46FD00011CECE /* SlideshowApp */ = {
			isa = PBXNativeTarget;
			buildConfigurationList = 554B7D3E23B46FD10011CECE /* Build configuration list for PBXNativeTarget "SlideshowApp" */;
			buildPhases = (
				554B7D2623B46FD00011CECE /* Sources */,
				554B7D2723B46FD00011CECE /* Frameworks */,
				554B7D2823B46FD00011CECE /* Resources */,
			);
			buildRules = (
			);
			dependencies = (
			);
			name = SlideshowApp;
			productName = SlideshowApp;
			productReference = 554B7D2A23B46FD00011CECE /* SlideshowApp.app */;
			productType = "com.apple.product-type.application";
		};
/* End PBXNativeTarget section */

/* Begin PBXProject section */
		554B7D2223B46FD00011CECE /* Project object */ = {
			isa = PBXProject;
			attributes = {
				LastSwiftUpdateCheck = 1130;
				LastUpgradeCheck = 1130;
				ORGANIZATIONNAME = ryosuke.aoki;
				TargetAttributes = {
					554B7D2923B46FD00011CECE = {
						CreatedOnToolsVersion = 11.3;
					};
				};
			};
			buildConfigurationList = 554B7D2523B46FD00011CECE /* Build configuration list for PBXProject "SlideshowApp" */;
			compatibilityVersion = "Xcode 9.3";
			developmentRegion = en;
			hasScannedForEncodings = 0;
			knownRegions = (
				en,
				Base,
			);
			mainGroup = 554B7D2123B46FD00011CECE;
			productRefGroup = 554B7D2B23B46FD00011CECE /* Products */;
			projectDirPath = "";
			projectRoot = "";
			targets = (
				554B7D2923B46FD00011CECE /* SlideshowApp */,
			);
		};
/* End PBXProject section */

/* Begin PBXResourcesBuildPhase section */
		554B7D2823B46FD00011CECE /* Resources */ = {
			isa = PBXResourcesBuildPhase;
			buildActionMask = 2147483647;
			files = (
				554B7D3A23B46FD10011CECE /* LaunchScreen.storyboard in Resources */,
				55FFBAC723C60CA6005C4091 /* partenon.jpg in Resources */,
				554B7D3723B46FD10011CECE /* Assets.xcassets in Resources */,
				5510885C23C5FD70009DDEA4 /* acropolice.jpg in Resources */,
				55FFBAC923C60CAD005C4091 /* erecthelion.jpg in Resources */,
				554B7D3523B46FD00011CECE /* Main.storyboard in Resources */,
			);
			runOnlyForDeploymentPostprocessing = 0;
		};
/* End PBXResourcesBuildPhase section */

/* Begin PBXSourcesBuildPhase section */
		554B7D2623B46FD00011CECE /* Sources */ = {
			isa = PBXSourcesBuildPhase;
			buildActionMask = 2147483647;
			files = (
				554B7D3223B46FD00011CECE /* ViewController.swift in Sources */,
				554B7D2E23B46FD00011CECE /* AppDelegate.swift in Sources */,
				554B7D3023B46FD00011CECE /* SceneDelegate.swift in Sources */,
				554B7D4223B471530011CECE /* EnlargeViewController.swift in Sources */,
			);
			runOnlyForDeploymentPostprocessing = 0;
		};
/* End PBXSourcesBuildPhase section */

/* Begin PBXVariantGroup section */
		554B7D3323B46FD00011CECE /* Main.storyboard */ = {
			isa = PBXVariantGroup;
			children = (
				554B7D3423B46FD00011CECE /* Base */,
			);
			name = Main.storyboard;
			sourceTree = "<group>";
		};
		554B7D3823B46FD10011CECE /* LaunchScreen.storyboard */ = {
			isa = PBXVariantGroup;
			children = (
				554B7D3923B46FD10011CECE /* Base */,
			);
			name = LaunchScreen.storyboard;
			sourceTree = "<group>";
		};
/* End PBXVariantGroup section */

/* Begin XCBuildConfiguration section */
		554B7D3C23B46FD10011CECE /* Debug */ = {
			isa = XCBuildConfiguration;
			buildSettings = {
				ALWAYS_SEARCH_USER_PATHS = NO;
				CLANG_ANALYZER_NONNULL = YES;
				CLANG_ANALYZER_NUMBER_OBJECT_CONVERSION = YES_AGGRESSIVE;
				CLANG_CXX_LANGUAGE_STANDARD = "gnu++14";
				CLANG_CXX_LIBRARY = "libc++";
				CLANG_ENABLE_MODULES = YES;
				CLANG_ENABLE_OBJC_ARC = YES;
				CLANG_ENABLE_OBJC_WEAK = YES;
				CLANG_WARN_BLOCK_CAPTURE_AUTORELEASING = YES;
				CLANG_WARN_BOOL_CONVERSION = YES;
				CLANG_WARN_COMMA = YES;
				CLANG_WARN_CONSTANT_CONVERSION = YES;
				CLANG_WARN_DEPRECATED_OBJC_IMPLEMENTATIONS = YES;
				CLANG_WARN_DIRECT_OBJC_ISA_USAGE = YES_ERROR;
				CLANG_WARN_DOCUMENTATION_COMMENTS = YES;
				CLANG_WARN_EMPTY_BODY = YES;
				CLANG_WARN_ENUM_CONVERSION = YES;
				CLANG_WARN_INFINITE_RECURSION = YES;
				CLANG_WARN_INT_CONVERSION = YES;
				CLANG_WARN_NON_LITERAL_NULL_CONVERSION = YES;
				CLANG_WARN_OBJC_IMPLICIT_RETAIN_SELF = YES;
				CLANG_WARN_OBJC_LITERAL_CONVERSION = YES;
				CLANG_WARN_OBJC_ROOT_CLASS = YES_ERROR;
				CLANG_WARN_RANGE_LOOP_ANALYSIS = YES;
				CLANG_WARN_STRICT_PROTOTYPES = YES;
				CLANG_WARN_SUSPICIOUS_MOVE = YES;
				CLANG_WARN_UNGUARDED_AVAILABILITY = YES_AGGRESSIVE;
				CLANG_WARN_UNREACHABLE_CODE = YES;
				CLANG_WARN__DUPLICATE_METHOD_MATCH = YES;
				COPY_PHASE_STRIP = NO;
				DEBUG_INFORMATION_FORMAT = dwarf;
				ENABLE_STRICT_OBJC_MSGSEND = YES;
				ENABLE_TESTABILITY = YES;
				GCC_C_LANGUAGE_STANDARD = gnu11;
				GCC_DYNAMIC_NO_PIC = NO;
				GCC_NO_COMMON_BLOCKS = YES;
				GCC_OPTIMIZATION_LEVEL = 0;
				GCC_PREPROCESSOR_DEFINITIONS = (
					"DEBUG=1",
					"$(inherited)",
				);
				GCC_WARN_64_TO_32_BIT_CONVERSION = YES;
				GCC_WARN_ABOUT_RETURN_TYPE = YES_ERROR;
				GCC_WARN_UNDECLARED_SELECTOR = YES;
				GCC_WARN_UNINITIALIZED_AUTOS = YES_AGGRESSIVE;
				GCC_WARN_UNUSED_FUNCTION = YES;
				GCC_WARN_UNUSED_VARIABLE = YES;
				IPHONEOS_DEPLOYMENT_TARGET = 13.2;
				MTL_ENABLE_DEBUG_INFO = INCLUDE_SOURCE;
				MTL_FAST_MATH = YES;
				ONLY_ACTIVE_ARCH = YES;
				SDKROOT = iphoneos;
				SWIFT_ACTIVE_COMPILATION_CONDITIONS = DEBUG;
				SWIFT_OPTIMIZATION_LEVEL = "-Onone";
			};
			name = Debug;
		};
		554B7D3D23B46FD10011CECE /* Release */ = {
			isa = XCBuildConfiguration;
			buildSettings = {
				ALWAYS_SEARCH_USER_PATHS = NO;
				CLANG_ANALYZER_NONNULL = YES;
				CLANG_ANALYZER_NUMBER_OBJECT_CONVERSION = YES_AGGRESSIVE;
				CLANG_CXX_LANGUAGE_STANDARD = "gnu++14";
				CLANG_CXX_LIBRARY = "libc++";
				CLANG_ENABLE_MODULES = YES;
				CLANG_ENABLE_OBJC_ARC = YES;
				CLANG_ENABLE_OBJC_WEAK = YES;
				CLANG_WARN_BLOCK_CAPTURE_AUTORELEASING = YES;
				CLANG_WARN_BOOL_CONVERSION = YES;
				CLANG_WARN_COMMA = YES;
				CLANG_WARN_CONSTANT_CONVERSION = YES;
				CLANG_WARN_DEPRECATED_OBJC_IMPLEMENTATIONS = YES;
				CLANG_WARN_DIRECT_OBJC_ISA_USAGE = YES_ERROR;
				CLANG_WARN_DOCUMENTATION_COMMENTS = YES;
				CLANG_WARN_EMPTY_BODY = YES;
				CLANG_WARN_ENUM_CONVERSION = YES;
				CLANG_WARN_INFINITE_RECURSION = YES;
				CLANG_WARN_INT_CONVERSION = YES;
				CLANG_WARN_NON_LITERAL_NULL_CONVERSION = YES;
				CLANG_WARN_OBJC_IMPLICIT_RETAIN_SELF = YES;
				CLANG_WARN_OBJC_LITERAL_CONVERSION = YES;
				CLANG_WARN_OBJC_ROOT_CLASS = YES_ERROR;
				CLANG_WARN_RANGE_LOOP_ANALYSIS = YES;
				CLANG_WARN_STRICT_PROTOTYPES = YES;
				CLANG_WARN_SUSPICIOUS_MOVE = YES;
				CLANG_WARN_UNGUARDED_AVAILABILITY = YES_AGGRESSIVE;
				CLANG_WARN_UNREACHABLE_CODE = YES;
				CLANG_WARN__DUPLICATE_METHOD_MATCH = YES;
				COPY_PHASE_STRIP = NO;
				DEBUG_INFORMATION_FORMAT = "dwarf-with-dsym";
				ENABLE_NS_ASSERTIONS = NO;
				ENABLE_STRICT_OBJC_MSGSEND = YES;
				GCC_C_LANGUAGE_STANDARD = gnu11;
				GCC_NO_COMMON_BLOCKS = YES;
				GCC_WARN_64_TO_32_BIT_CONVERSION = YES;
				GCC_WARN_ABOUT_RETURN_TYPE = YES_ERROR;
				GCC_WARN_UNDECLARED_SELECTOR = YES;
				GCC_WARN_UNINITIALIZED_AUTOS = YES_AGGRESSIVE;
				GCC_WARN_UNUSED_FUNCTION = YES;
				GCC_WARN_UNUSED_VARIABLE = YES;
				IPHONEOS_DEPLOYMENT_TARGET = 13.2;
				MTL_ENABLE_DEBUG_INFO = NO;
				MTL_FAST_MATH = YES;
				SDKROOT = iphoneos;
				SWIFT_COMPILATION_MODE = wholemodule;
				SWIFT_OPTIMIZATION_LEVEL = "-O";
				VALIDATE_PRODUCT = YES;
			};
			name = Release;
		};
		554B7D3F23B46FD10011CECE /* Debug */ = {
			isa = XCBuildConfiguration;
			buildSettings = {
				ASSETCATALOG_COMPILER_APPICON_NAME = AppIcon;
				CODE_SIGN_STYLE = Automatic;
				DEVELOPMENT_TEAM = 5Y8BLX36D2;
				INFOPLIST_FILE = SlideshowApp/Info.plist;
				LD_RUNPATH_SEARCH_PATHS = (
					"$(inherited)",
					"@executable_path/Frameworks",
				);
				PRODUCT_BUNDLE_IDENTIFIER = jp.techacademy.ryosuke.aoki.SlideshowApp;
				PRODUCT_NAME = "$(TARGET_NAME)";
				SWIFT_VERSION = 5.0;
				TARGETED_DEVICE_FAMILY = "1,2";
			};
			name = Debug;
		};
		554B7D4023B46FD10011CECE /* Release */ = {
			isa = XCBuildConfiguration;
			buildSettings = {
				ASSETCATALOG_COMPILER_APPICON_NAME = AppIcon;
				CODE_SIGN_STYLE = Automatic;
				DEVELOPMENT_TEAM = 5Y8BLX36D2;
				INFOPLIST_FILE = SlideshowApp/Info.plist;
				LD_RUNPATH_SEARCH_PATHS = (
					"$(inherited)",
					"@executable_path/Frameworks",
				);
				PRODUCT_BUNDLE_IDENTIFIER = jp.techacademy.ryosuke.aoki.SlideshowApp;
				PRODUCT_NAME = "$(TARGET_NAME)";
				SWIFT_VERSION = 5.0;
				TARGETED_DEVICE_FAMILY = "1,2";
			};
			name = Release;
		};
/* End XCBuildConfiguration section */

/* Begin XCConfigurationList section */
		554B7D2523B46FD00011CECE /* Build configuration list for PBXProject "SlideshowApp" */ = {
			isa = XCConfigurationList;
			buildConfigurations = (
				554B7D3C23B46FD10011CECE /* Debug */,
				554B7D3D23B46FD10011CECE /* Release */,
			);
			defaultConfigurationIsVisible = 0;
			defaultConfigurationName = Release;
		};
		554B7D3E23B46FD10011CECE /* Build configuration list for PBXNativeTarget "SlideshowApp" */ = {
			isa = XCConfigurationList;
			buildConfigurations = (
				554B7D3F23B46FD10011CECE /* Debug */,
				554B7D4023B46FD10011CECE /* Release */,
			);
			defaultConfigurationIsVisible = 0;
			defaultConfigurationName = Release;
		};
/* End XCConfigurationList section */
	};
	rootObject = 554B7D2223B46FD00011CECE /* Project object */;
}
